// !$*UTF8*$!
{
	archiveVersion = 1;
	classes = {
	};
	objectVersion = 55;
	objects = {

/* Begin PBXBuildFile section */
		C43127C3287FC93100B4FFE6 /* AppDelegate.swift in Sources */ = {isa = PBXBuildFile; fileRef = C43127C2287FC93100B4FFE6 /* AppDelegate.swift */; };
		C43127C5287FC93100B4FFE6 /* SceneDelegate.swift in Sources */ = {isa = PBXBuildFile; fileRef = C43127C4287FC93100B4FFE6 /* SceneDelegate.swift */; };
		C43127C7287FC93100B4FFE6 /* ViewController.swift in Sources */ = {isa = PBXBuildFile; fileRef = C43127C6287FC93100B4FFE6 /* ViewController.swift */; };
		C43127CA287FC93100B4FFE6 /* Main.storyboard in Resources */ = {isa = PBXBuildFile; fileRef = C43127C8287FC93100B4FFE6 /* Main.storyboard */; };
		C43127CD287FC93100B4FFE6 /* TodoList_coreData.xcdatamodeld in Sources */ = {isa = PBXBuildFile; fileRef = C43127CB287FC93100B4FFE6 /* TodoList_coreData.xcdatamodeld */; };
		C43127CF287FC93300B4FFE6 /* Assets.xcassets in Resources */ = {isa = PBXBuildFile; fileRef = C43127CE287FC93300B4FFE6 /* Assets.xcassets */; };
		C43127D2287FC93300B4FFE6 /* LaunchScreen.storyboard in Resources */ = {isa = PBXBuildFile; fileRef = C43127D0287FC93300B4FFE6 /* LaunchScreen.storyboard */; };
		C43127DA287FCAEF00B4FFE6 /* ActivityCell.swift in Sources */ = {isa = PBXBuildFile; fileRef = C43127D9287FCAEF00B4FFE6 /* ActivityCell.swift */; };
		C43127DF287FCE3F00B4FFE6 /* Tasks+CoreDataClass.swift in Sources */ = {isa = PBXBuildFile; fileRef = C43127DB287FCE3F00B4FFE6 /* Tasks+CoreDataClass.swift */; };
		C43127E0287FCE3F00B4FFE6 /* Tasks+CoreDataProperties.swift in Sources */ = {isa = PBXBuildFile; fileRef = C43127DC287FCE3F00B4FFE6 /* Tasks+CoreDataProperties.swift */; };
		C43127E1287FCE3F00B4FFE6 /* Activities+CoreDataClass.swift in Sources */ = {isa = PBXBuildFile; fileRef = C43127DD287FCE3F00B4FFE6 /* Activities+CoreDataClass.swift */; };
		C43127E2287FCE3F00B4FFE6 /* Activities+CoreDataProperties.swift in Sources */ = {isa = PBXBuildFile; fileRef = C43127DE287FCE3F00B4FFE6 /* Activities+CoreDataProperties.swift */; };
		C43127E5287FD30400B4FFE6 /* ListTaskViewController.swift in Sources */ = {isa = PBXBuildFile; fileRef = C43127E4287FD30400B4FFE6 /* ListTaskViewController.swift */; };
		C43127E7287FD3A200B4FFE6 /* TaskCell.swift in Sources */ = {isa = PBXBuildFile; fileRef = C43127E6287FD3A200B4FFE6 /* TaskCell.swift */; };
/* End PBXBuildFile section */

/* Begin PBXFileReference section */
		C43127BF287FC93100B4FFE6 /* TodoList-coreData.app */ = {isa = PBXFileReference; explicitFileType = wrapper.application; includeInIndex = 0; path = "TodoList-coreData.app"; sourceTree = BUILT_PRODUCTS_DIR; };
		C43127C2287FC93100B4FFE6 /* AppDelegate.swift */ = {isa = PBXFileReference; lastKnownFileType = sourcecode.swift; path = AppDelegate.swift; sourceTree = "<group>"; };
		C43127C4287FC93100B4FFE6 /* SceneDelegate.swift */ = {isa = PBXFileReference; lastKnownFileType = sourcecode.swift; path = SceneDelegate.swift; sourceTree = "<group>"; };
		C43127C6287FC93100B4FFE6 /* ViewController.swift */ = {isa = PBXFileReference; lastKnownFileType = sourcecode.swift; path = ViewController.swift; sourceTree = "<group>"; };
		C43127C9287FC93100B4FFE6 /* Base */ = {isa = PBXFileReference; lastKnownFileType = file.storyboard; name = Base; path = Base.lproj/Main.storyboard; sourceTree = "<group>"; };
		C43127CC287FC93100B4FFE6 /* TodoList_coreData.xcdatamodel */ = {isa = PBXFileReference; lastKnownFileType = wrapper.xcdatamodel; path = TodoList_coreData.xcdatamodel; sourceTree = "<group>"; };
		C43127CE287FC93300B4FFE6 /* Assets.xcassets */ = {isa = PBXFileReference; lastKnownFileType = folder.assetcatalog; path = Assets.xcassets; sourceTree = "<group>"; };
		C43127D1287FC93300B4FFE6 /* Base */ = {isa = PBXFileReference; lastKnownFileType = file.storyboard; name = Base; path = Base.lproj/LaunchScreen.storyboard; sourceTree = "<group>"; };
		C43127D3287FC93300B4FFE6 /* Info.plist */ = {isa = PBXFileReference; lastKnownFileType = text.plist.xml; path = Info.plist; sourceTree = "<group>"; };
		C43127D9287FCAEF00B4FFE6 /* ActivityCell.swift */ = {isa = PBXFileReference; lastKnownFileType = sourcecode.swift; path = ActivityCell.swift; sourceTree = "<group>"; };
		C43127DB287FCE3F00B4FFE6 /* Tasks+CoreDataClass.swift */ = {isa = PBXFileReference; lastKnownFileType = sourcecode.swift; path = "Tasks+CoreDataClass.swift"; sourceTree = "<group>"; };
		C43127DC287FCE3F00B4FFE6 /* Tasks+CoreDataProperties.swift */ = {isa = PBXFileReference; lastKnownFileType = sourcecode.swift; path = "Tasks+CoreDataProperties.swift"; sourceTree = "<group>"; };
		C43127DD287FCE3F00B4FFE6 /* Activities+CoreDataClass.swift */ = {isa = PBXFileReference; lastKnownFileType = sourcecode.swift; path = "Activities+CoreDataClass.swift"; sourceTree = "<group>"; };
		C43127DE287FCE3F00B4FFE6 /* Activities+CoreDataProperties.swift */ = {isa = PBXFileReference; lastKnownFileType = sourcecode.swift; path = "Activities+CoreDataProperties.swift"; sourceTree = "<group>"; };
		C43127E4287FD30400B4FFE6 /* ListTaskViewController.swift */ = {isa = PBXFileReference; lastKnownFileType = sourcecode.swift; path = ListTaskViewController.swift; sourceTree = "<group>"; };
		C43127E6287FD3A200B4FFE6 /* TaskCell.swift */ = {isa = PBXFileReference; lastKnownFileType = sourcecode.swift; path = TaskCell.swift; sourceTree = "<group>"; };
/* End PBXFileReference section */

/* Begin PBXFrameworksBuildPhase section */
		C43127BC287FC93100B4FFE6 /* Frameworks */ = {
			isa = PBXFrameworksBuildPhase;
			buildActionMask = 2147483647;
			files = (
			);
			runOnlyForDeploymentPostprocessing = 0;
		};
/* End PBXFrameworksBuildPhase section */

/* Begin PBXGroup section */
		C43127B6287FC93100B4FFE6 = {
			isa = PBXGroup;
			children = (
				C43127C1287FC93100B4FFE6 /* TodoList-coreData */,
				C43127C0287FC93100B4FFE6 /* Products */,
			);
			sourceTree = "<group>";
		};
		C43127C0287FC93100B4FFE6 /* Products */ = {
			isa = PBXGroup;
			children = (
				C43127BF287FC93100B4FFE6 /* TodoList-coreData.app */,
			);
			name = Products;
			sourceTree = "<group>";
		};
		C43127C1287FC93100B4FFE6 /* TodoList-coreData */ = {
			isa = PBXGroup;
			children = (
				C43127E3287FCEF100B4FFE6 /* Model */,
				C43127E9287FEFFD00B4FFE6 /* Controllers */,
				C43127E8287FEFE900B4FFE6 /* View */,
				C43127C8287FC93100B4FFE6 /* Main.storyboard */,
				C43127C2287FC93100B4FFE6 /* AppDelegate.swift */,
				C43127C4287FC93100B4FFE6 /* SceneDelegate.swift */,
				C43127CE287FC93300B4FFE6 /* Assets.xcassets */,
				C43127D0287FC93300B4FFE6 /* LaunchScreen.storyboard */,
				C43127D3287FC93300B4FFE6 /* Info.plist */,
				C43127CB287FC93100B4FFE6 /* TodoList_coreData.xcdatamodeld */,
			);
			path = "TodoList-coreData";
			sourceTree = "<group>";
		};
		C43127E3287FCEF100B4FFE6 /* Model */ = {
			isa = PBXGroup;
			children = (
				C43127DD287FCE3F00B4FFE6 /* Activities+CoreDataClass.swift */,
				C43127DE287FCE3F00B4FFE6 /* Activities+CoreDataProperties.swift */,
				C43127DC287FCE3F00B4FFE6 /* Tasks+CoreDataProperties.swift */,
				C43127DB287FCE3F00B4FFE6 /* Tasks+CoreDataClass.swift */,
			);
			path = Model;
			sourceTree = "<group>";
		};
		C43127E8287FEFE900B4FFE6 /* View */ = {
			isa = PBXGroup;
			children = (
				C43127E6287FD3A200B4FFE6 /* TaskCell.swift */,
				C43127D9287FCAEF00B4FFE6 /* ActivityCell.swift */,
			);
			path = View;
			sourceTree = "<group>";
		};
		C43127E9287FEFFD00B4FFE6 /* Controllers */ = {
			isa = PBXGroup;
			children = (
				C43127C6287FC93100B4FFE6 /* ViewController.swift */,
				C43127E4287FD30400B4FFE6 /* ListTaskViewController.swift */,
			);
			path = Controllers;
			sourceTree = "<group>";
		};
/* End PBXGroup section */

/* Begin PBXNativeTarget section */
		C43127BE287FC93100B4FFE6 /* TodoList-coreData */ = {
			isa = PBXNativeTarget;
			buildConfigurationList = C43127D6287FC93300B4FFE6 /* Build configuration list for PBXNativeTarget "TodoList-coreData" */;
			buildPhases = (
				C43127BB287FC93100B4FFE6 /* Sources */,
				C43127BC287FC93100B4FFE6 /* Frameworks */,
				C43127BD287FC93100B4FFE6 /* Resources */,
			);
			buildRules = (
			);
			dependencies = (
			);
			name = "TodoList-coreData";
			productName = "TodoList-coreData";
			productReference = C43127BF287FC93100B4FFE6 /* TodoList-coreData.app */;
			productType = "com.apple.product-type.application";
		};
/* End PBXNativeTarget section */

/* Begin PBXProject section */
		C43127B7287FC93100B4FFE6 /* Project object */ = {
			isa = PBXProject;
			attributes = {
				BuildIndependentTargetsInParallel = 1;
				LastSwiftUpdateCheck = 1340;
				LastUpgradeCheck = 1340;
				TargetAttributes = {
					C43127BE287FC93100B4FFE6 = {
						CreatedOnToolsVersion = 13.4.1;
					};
				};
			};
			buildConfigurationList = C43127BA287FC93100B4FFE6 /* Build configuration list for PBXProject "TodoList-coreData" */;
			compatibilityVersion = "Xcode 13.0";
			developmentRegion = en;
			hasScannedForEncodings = 0;
			knownRegions = (
				en,
				Base,
			);
			mainGroup = C43127B6287FC93100B4FFE6;
			productRefGroup = C43127C0287FC93100B4FFE6 /* Products */;
			projectDirPath = "";
			projectRoot = "";
			targets = (
				C43127BE287FC93100B4FFE6 /* TodoList-coreData */,
			);
		};
/* End PBXProject section */

/* Begin PBXResourcesBuildPhase section */
		C43127BD287FC93100B4FFE6 /* Resources */ = {
			isa = PBXResourcesBuildPhase;
			buildActionMask = 2147483647;
			files = (
				C43127D2287FC93300B4FFE6 /* LaunchScreen.storyboard in Resources */,
				C43127CF287FC93300B4FFE6 /* Assets.xcassets in Resources */,
				C43127CA287FC93100B4FFE6 /* Main.storyboard in Resources */,
			);
			runOnlyForDeploymentPostprocessing = 0;
		};
/* End PBXResourcesBuildPhase section */

/* Begin PBXSourcesBuildPhase section */
		C43127BB287FC93100B4FFE6 /* Sources */ = {
			isa = PBXSourcesBuildPhase;
			buildActionMask = 2147483647;
			files = (
				C43127C7287FC93100B4FFE6 /* ViewController.swift in Sources */,
				C43127E2287FCE3F00B4FFE6 /* Activities+CoreDataProperties.swift in Sources */,
				C43127C3287FC93100B4FFE6 /* AppDelegate.swift in Sources */,
				C43127E5287FD30400B4FFE6 /* ListTaskViewController.swift in Sources */,
				C43127E1287FCE3F00B4FFE6 /* Activities+CoreDataClass.swift in Sources */,
				C43127DA287FCAEF00B4FFE6 /* ActivityCell.swift in Sources */,
				C43127CD287FC93100B4FFE6 /* TodoList_coreData.xcdatamodeld in Sources */,
				C43127E7287FD3A200B4FFE6 /* TaskCell.swift in Sources */,
				C43127E0287FCE3F00B4FFE6 /* Tasks+CoreDataProperties.swift in Sources */,
				C43127DF287FCE3F00B4FFE6 /* Tasks+CoreDataClass.swift in Sources */,
				C43127C5287FC93100B4FFE6 /* SceneDelegate.swift in Sources */,
			);
			runOnlyForDeploymentPostprocessing = 0;
		};
/* End PBXSourcesBuildPhase section */

/* Begin PBXVariantGroup section */
		C43127C8287FC93100B4FFE6 /* Main.storyboard */ = {
			isa = PBXVariantGroup;
			children = (
				C43127C9287FC93100B4FFE6 /* Base */,
			);
			name = Main.storyboard;
			sourceTree = "<group>";
		};
		C43127D0287FC93300B4FFE6 /* LaunchScreen.storyboard */ = {
			isa = PBXVariantGroup;
			children = (
				C43127D1287FC93300B4FFE6 /* Base */,
			);
			name = LaunchScreen.storyboard;
			sourceTree = "<group>";
		};
/* End PBXVariantGroup section */

/* Begin XCBuildConfiguration section */
		C43127D4287FC93300B4FFE6 /* Debug */ = {
			isa = XCBuildConfiguration;
			buildSettings = {
				ALWAYS_SEARCH_USER_PATHS = NO;
				CLANG_ANALYZER_NONNULL = YES;
				CLANG_ANALYZER_NUMBER_OBJECT_CONVERSION = YES_AGGRESSIVE;
				CLANG_CXX_LANGUAGE_STANDARD = "gnu++17";
				CLANG_ENABLE_MODULES = YES;
				CLANG_ENABLE_OBJC_ARC = YES;
				CLANG_ENABLE_OBJC_WEAK = YES;
				CLANG_WARN_BLOCK_CAPTURE_AUTORELEASING = YES;
				CLANG_WARN_BOOL_CONVERSION = YES;
				CLANG_WARN_COMMA = YES;
				CLANG_WARN_CONSTANT_CONVERSION = YES;
				CLANG_WARN_DEPRECATED_OBJC_IMPLEMENTATIONS = YES;
				CLANG_WARN_DIRECT_OBJC_ISA_USAGE = YES_ERROR;
				CLANG_WARN_DOCUMENTATION_COMMENTS = YES;
				CLANG_WARN_EMPTY_BODY = YES;
				CLANG_WARN_ENUM_CONVERSION = YES;
				CLANG_WARN_INFINITE_RECURSION = YES;
				CLANG_WARN_INT_CONVERSION = YES;
				CLANG_WARN_NON_LITERAL_NULL_CONVERSION = YES;
				CLANG_WARN_OBJC_IMPLICIT_RETAIN_SELF = YES;
				CLANG_WARN_OBJC_LITERAL_CONVERSION = YES;
				CLANG_WARN_OBJC_ROOT_CLASS = YES_ERROR;
				CLANG_WARN_QUOTED_INCLUDE_IN_FRAMEWORK_HEADER = YES;
				CLANG_WARN_RANGE_LOOP_ANALYSIS = YES;
				CLANG_WARN_STRICT_PROTOTYPES = YES;
				CLANG_WARN_SUSPICIOUS_MOVE = YES;
				CLANG_WARN_UNGUARDED_AVAILABILITY = YES_AGGRESSIVE;
				CLANG_WARN_UNREACHABLE_CODE = YES;
				CLANG_WARN__DUPLICATE_METHOD_MATCH = YES;
				COPY_PHASE_STRIP = NO;
				DEBUG_INFORMATION_FORMAT = dwarf;
				ENABLE_STRICT_OBJC_MSGSEND = YES;
				ENABLE_TESTABILITY = YES;
				GCC_C_LANGUAGE_STANDARD = gnu11;
				GCC_DYNAMIC_NO_PIC = NO;
				GCC_NO_COMMON_BLOCKS = YES;
				GCC_OPTIMIZATION_LEVEL = 0;
				GCC_PREPROCESSOR_DEFINITIONS = (
					"DEBUG=1",
					"$(inherited)",
				);
				GCC_WARN_64_TO_32_BIT_CONVERSION = YES;
				GCC_WARN_ABOUT_RETURN_TYPE = YES_ERROR;
				GCC_WARN_UNDECLARED_SELECTOR = YES;
				GCC_WARN_UNINITIALIZED_AUTOS = YES_AGGRESSIVE;
				GCC_WARN_UNUSED_FUNCTION = YES;
				GCC_WARN_UNUSED_VARIABLE = YES;
				IPHONEOS_DEPLOYMENT_TARGET = 15.5;
				MTL_ENABLE_DEBUG_INFO = INCLUDE_SOURCE;
				MTL_FAST_MATH = YES;
				ONLY_ACTIVE_ARCH = YES;
				SDKROOT = iphoneos;
				SWIFT_ACTIVE_COMPILATION_CONDITIONS = DEBUG;
				SWIFT_OPTIMIZATION_LEVEL = "-Onone";
			};
			name = Debug;
		};
		C43127D5287FC93300B4FFE6 /* Release */ = {
			isa = XCBuildConfiguration;
			buildSettings = {
				ALWAYS_SEARCH_USER_PATHS = NO;
				CLANG_ANALYZER_NONNULL = YES;
				CLANG_ANALYZER_NUMBER_OBJECT_CONVERSION = YES_AGGRESSIVE;
				CLANG_CXX_LANGUAGE_STANDARD = "gnu++17";
				CLANG_ENABLE_MODULES = YES;
				CLANG_ENABLE_OBJC_ARC = YES;
				CLANG_ENABLE_OBJC_WEAK = YES;
				CLANG_WARN_BLOCK_CAPTURE_AUTORELEASING = YES;
				CLANG_WARN_BOOL_CONVERSION = YES;
				CLANG_WARN_COMMA = YES;
				CLANG_WARN_CONSTANT_CONVERSION = YES;
				CLANG_WARN_DEPRECATED_OBJC_IMPLEMENTATIONS = YES;
				CLANG_WARN_DIRECT_OBJC_ISA_USAGE = YES_ERROR;
				CLANG_WARN_DOCUMENTATION_COMMENTS = YES;
				CLANG_WARN_EMPTY_BODY = YES;
				CLANG_WARN_ENUM_CONVERSION = YES;
				CLANG_WARN_INFINITE_RECURSION = YES;
				CLANG_WARN_INT_CONVERSION = YES;
				CLANG_WARN_NON_LITERAL_NULL_CONVERSION = YES;
				CLANG_WARN_OBJC_IMPLICIT_RETAIN_SELF = YES;
				CLANG_WARN_OBJC_LITERAL_CONVERSION = YES;
				CLANG_WARN_OBJC_ROOT_CLASS = YES_ERROR;
				CLANG_WARN_QUOTED_INCLUDE_IN_FRAMEWORK_HEADER = YES;
				CLANG_WARN_RANGE_LOOP_ANALYSIS = YES;
				CLANG_WARN_STRICT_PROTOTYPES = YES;
				CLANG_WARN_SUSPICIOUS_MOVE = YES;
				CLANG_WARN_UNGUARDED_AVAILABILITY = YES_AGGRESSIVE;
				CLANG_WARN_UNREACHABLE_CODE = YES;
				CLANG_WARN__DUPLICATE_METHOD_MATCH = YES;
				COPY_PHASE_STRIP = NO;
				DEBUG_INFORMATION_FORMAT = "dwarf-with-dsym";
				ENABLE_NS_ASSERTIONS = NO;
				ENABLE_STRICT_OBJC_MSGSEND = YES;
				GCC_C_LANGUAGE_STANDARD = gnu11;
				GCC_NO_COMMON_BLOCKS = YES;
				GCC_WARN_64_TO_32_BIT_CONVERSION = YES;
				GCC_WARN_ABOUT_RETURN_TYPE = YES_ERROR;
				GCC_WARN_UNDECLARED_SELECTOR = YES;
				GCC_WARN_UNINITIALIZED_AUTOS = YES_AGGRESSIVE;
				GCC_WARN_UNUSED_FUNCTION = YES;
				GCC_WARN_UNUSED_VARIABLE = YES;
				IPHONEOS_DEPLOYMENT_TARGET = 15.5;
				MTL_ENABLE_DEBUG_INFO = NO;
				MTL_FAST_MATH = YES;
				SDKROOT = iphoneos;
				SWIFT_COMPILATION_MODE = wholemodule;
				SWIFT_OPTIMIZATION_LEVEL = "-O";
				VALIDATE_PRODUCT = YES;
			};
			name = Release;
		};
		C43127D7287FC93300B4FFE6 /* Debug */ = {
			isa = XCBuildConfiguration;
			buildSettings = {
				ASSETCATALOG_COMPILER_APPICON_NAME = AppIcon;
				ASSETCATALOG_COMPILER_GLOBAL_ACCENT_COLOR_NAME = AccentColor;
				CODE_SIGN_STYLE = Automatic;
				CURRENT_PROJECT_VERSION = 1;
				DEVELOPMENT_TEAM = R3AXTCLPKH;
				GENERATE_INFOPLIST_FILE = YES;
				INFOPLIST_FILE = "TodoList-coreData/Info.plist";
				INFOPLIST_KEY_UIApplicationSupportsIndirectInputEvents = YES;
				INFOPLIST_KEY_UILaunchStoryboardName = LaunchScreen;
				INFOPLIST_KEY_UIMainStoryboardFile = Main;
				INFOPLIST_KEY_UISupportedInterfaceOrientations_iPad = "UIInterfaceOrientationPortrait UIInterfaceOrientationPortraitUpsideDown UIInterfaceOrientationLandscapeLeft UIInterfaceOrientationLandscapeRight";
				INFOPLIST_KEY_UISupportedInterfaceOrientations_iPhone = "UIInterfaceOrientationPortrait UIInterfaceOrientationLandscapeLeft UIInterfaceOrientationLandscapeRight";
				LD_RUNPATH_SEARCH_PATHS = (
					"$(inherited)",
					"@executable_path/Frameworks",
				);
				MARKETING_VERSION = 1.0;
				PRODUCT_BUNDLE_IDENTIFIER = "com.akelbarbosa.Practica.Api-caller.TodoList-coreData";
				PRODUCT_NAME = "$(TARGET_NAME)";
				SWIFT_EMIT_LOC_STRINGS = YES;
				SWIFT_VERSION = 5.0;
				TARGETED_DEVICE_FAMILY = "1,2";
			};
			name = Debug;
		};
		C43127D8287FC93300B4FFE6 /* Release */ = {
			isa = XCBuildConfiguration;
			buildSettings = {
				ASSETCATALOG_COMPILER_APPICON_NAME = AppIcon;
				ASSETCATALOG_COMPILER_GLOBAL_ACCENT_COLOR_NAME = AccentColor;
				CODE_SIGN_STYLE = Automatic;
				CURRENT_PROJECT_VERSION = 1;
				DEVELOPMENT_TEAM = R3AXTCLPKH;
				GENERATE_INFOPLIST_FILE = YES;
				INFOPLIST_FILE = "TodoList-coreData/Info.plist";
				INFOPLIST_KEY_UIApplicationSupportsIndirectInputEvents = YES;
				INFOPLIST_KEY_UILaunchStoryboardName = LaunchScreen;
				INFOPLIST_KEY_UIMainStoryboardFile = Main;
				INFOPLIST_KEY_UISupportedInterfaceOrientations_iPad = "UIInterfaceOrientationPortrait UIInterfaceOrientationPortraitUpsideDown UIInterfaceOrientationLandscapeLeft UIInterfaceOrientationLandscapeRight";
				INFOPLIST_KEY_UISupportedInterfaceOrientations_iPhone = "UIInterfaceOrientationPortrait UIInterfaceOrientationLandscapeLeft UIInterfaceOrientationLandscapeRight";
				LD_RUNPATH_SEARCH_PATHS = (
					"$(inherited)",
					"@executable_path/Frameworks",
				);
				MARKETING_VERSION = 1.0;
				PRODUCT_BUNDLE_IDENTIFIER = "com.akelbarbosa.Practica.Api-caller.TodoList-coreData";
				PRODUCT_NAME = "$(TARGET_NAME)";
				SWIFT_EMIT_LOC_STRINGS = YES;
				SWIFT_VERSION = 5.0;
				TARGETED_DEVICE_FAMILY = "1,2";
			};
			name = Release;
		};
/* End XCBuildConfiguration section */

/* Begin XCConfigurationList section */
		C43127BA287FC93100B4FFE6 /* Build configuration list for PBXProject "TodoList-coreData" */ = {
			isa = XCConfigurationList;
			buildConfigurations = (
				C43127D4287FC93300B4FFE6 /* Debug */,
				C43127D5287FC93300B4FFE6 /* Release */,
			);
			defaultConfigurationIsVisible = 0;
			defaultConfigurationName = Release;
		};
		C43127D6287FC93300B4FFE6 /* Build configuration list for PBXNativeTarget "TodoList-coreData" */ = {
			isa = XCConfigurationList;
			buildConfigurations = (
				C43127D7287FC93300B4FFE6 /* Debug */,
				C43127D8287FC93300B4FFE6 /* Release */,
			);
			defaultConfigurationIsVisible = 0;
			defaultConfigurationName = Release;
		};
/* End XCConfigurationList section */

/* Begin XCVersionGroup section */
		C43127CB287FC93100B4FFE6 /* TodoList_coreData.xcdatamodeld */ = {
			isa = XCVersionGroup;
			children = (
				C43127CC287FC93100B4FFE6 /* TodoList_coreData.xcdatamodel */,
			);
			currentVersion = C43127CC287FC93100B4FFE6 /* TodoList_coreData.xcdatamodel */;
			path = TodoList_coreData.xcdatamodeld;
			sourceTree = "<group>";
			versionGroupType = wrapper.xcdatamodel;
		};
/* End XCVersionGroup section */
	};
	rootObject = C43127B7287FC93100B4FFE6 /* Project object */;
}
